
Microsoft Visual Studio Solution File, Format Version 12.00
# Visual Studio 2013
VisualStudioVersion = 12.0.40629.0
MinimumVisualStudioVersion = 10.0.40219.1
Project("{8BC9CEB8-8B4A-11D0-8D11-00A0C91BC942}") = "ppmd3_DontFARCThePooch", "vcprojects\ppmd3_DontFARCThePooch\ppmd3_DontFARCThePooch.vcxproj", "{23BDECE5-BCE8-4B2E-BA41-19D24928149F}"
EndProject
Project("{8BC9CEB8-8B4A-11D0-8D11-00A0C91BC942}") = "ppmd3_txtutil", "vcprojects\ppmd3_utillib\ppmd3_utillib.vcxproj", "{75222531-F81B-4EF7-B60C-CABFF268D8FD}"
EndProject
Global
	GlobalSection(SolutionConfigurationPlatforms) = preSolution
		Debug|Win32 = Debug|Win32
		Release_DLL|Win32 = Release_DLL|Win32
		Release|Win32 = Release|Win32
	EndGlobalSection
	GlobalSection(ProjectConfigurationPlatforms) = postSolution
		{23BDECE5-BCE8-4B2E-BA41-19D24928149F}.Debug|Win32.ActiveCfg = Debug|Win32
		{23BDECE5-BCE8-4B2E-BA41-19D24928149F}.Debug|Win32.Build.0 = Debug|Win32
		{23BDECE5-BCE8-4B2E-BA41-19D24928149F}.Release_DLL|Win32.ActiveCfg = Release|Win32
		{23BDECE5-BCE8-4B2E-BA41-19D24928149F}.Release_DLL|Win32.Build.0 = Release|Win32
		{23BDECE5-BCE8-4B2E-BA41-19D24928149F}.Release|Win32.ActiveCfg = Release|Win32
		{23BDECE5-BCE8-4B2E-BA41-19D24928149F}.Release|Win32.Build.0 = Release|Win32
		{75222531-F81B-4EF7-B60C-CABFF268D8FD}.Debug|Win32.ActiveCfg = Debug|Win32
		{75222531-F81B-4EF7-B60C-CABFF268D8FD}.Debug|Win32.Build.0 = Debug|Win32
		{75222531-F81B-4EF7-B60C-CABFF268D8FD}.Release_DLL|Win32.ActiveCfg = Release_DLL|Win32
		{75222531-F81B-4EF7-B60C-CABFF268D8FD}.Release_DLL|Win32.Build.0 = Release_DLL|Win32
		{75222531-F81B-4EF7-B60C-CABFF268D8FD}.Release|Win32.ActiveCfg = Release|Win32
		{75222531-F81B-4EF7-B60C-CABFF268D8FD}.Release|Win32.Build.0 = Release|Win32
	EndGlobalSection
	GlobalSection(SolutionProperties) = preSolution
		HideSolutionNode = FALSE
	EndGlobalSection
EndGlobal
