<?xml version="1.0" encoding="utf-8"?>
<Project ToolsVersion="4.0" xmlns="http://schemas.microsoft.com/developer/msbuild/2003">
  <ItemGroup>
    <Filter Include="Source Files">
      <UniqueIdentifier>{4FC737F1-C7A5-4376-A066-2A32D752A2FF}</UniqueIdentifier>
      <Extensions>cpp;c;cc;cxx;def;odl;idl;hpj;bat;asm;asmx</Extensions>
    </Filter>
    <Filter Include="Header Files">
      <UniqueIdentifier>{93995380-89BD-4b04-88EB-625FBE52EBFB}</UniqueIdentifier>
      <Extensions>h;hh;hpp;hxx;hm;inl;inc;xsd</Extensions>
    </Filter>
    <Filter Include="Resource Files">
      <UniqueIdentifier>{67DA6AB6-F800-4c08-8B7A-83BB121AAD01}</UniqueIdentifier>
      <Extensions>rc;ico;cur;bmp;dlg;rc2;rct;bin;rgs;gif;jpg;jpeg;jpe;resx;tiff;tif;png;wav;mfcribbon-ms</Extensions>
    </Filter>
    <Filter Include="whereami">
      <UniqueIdentifier>{0748cf3f-04f3-46de-9020-4841d1d4db53}</UniqueIdentifier>
    </Filter>
  </ItemGroup>
  <ItemGroup>
    <ClInclude Include="src\utils\audio_utilities.hpp">
      <Filter>Header Files</Filter>
    </ClInclude>
    <ClInclude Include="src\utils\cmdline_util.hpp">
      <Filter>Header Files</Filter>
    </ClInclude>
    <ClInclude Include="src\utils\gbyteutils.hpp">
      <Filter>Header Files</Filter>
    </ClInclude>
    <ClInclude Include="src\utils\gfileio.hpp">
      <Filter>Header Files</Filter>
    </ClInclude>
    <ClInclude Include="src\utils\gfileutils.hpp">
      <Filter>Header Files</Filter>
    </ClInclude>
    <ClInclude Include="src\utils\gstringutils.hpp">
      <Filter>Header Files</Filter>
    </ClInclude>
    <ClInclude Include="src\utils\handymath.hpp">
      <Filter>Header Files</Filter>
    </ClInclude>
    <ClInclude Include="src\utils\library_wide.hpp">
      <Filter>Header Files</Filter>
    </ClInclude>
    <ClInclude Include="src\utils\multiple_task_handler.hpp">
      <Filter>Header Files</Filter>
    </ClInclude>
    <ClInclude Include="src\utils\multithread_logger.hpp">
      <Filter>Header Files</Filter>
    </ClInclude>
    <ClInclude Include="src\utils\parallel_tasks.hpp">
      <Filter>Header Files</Filter>
    </ClInclude>
    <ClInclude Include="src\utils\parse_utils.hpp">
      <Filter>Header Files</Filter>
    </ClInclude>
    <ClInclude Include="src\utils\pugixml_utils.hpp">
      <Filter>Header Files</Filter>
    </ClInclude>
    <ClInclude Include="src\utils\utility.hpp">
      <Filter>Header Files</Filter>
    </ClInclude>
    <ClInclude Include="src\utils\whereami_wrapper.hpp">
      <Filter>Header Files</Filter>
    </ClInclude>
    <ClInclude Include="lib\whereami\src\whereami.h">
      <Filter>whereami</Filter>
    </ClInclude>
    <ClInclude Include="src\utils\poco_wrapper.hpp">
      <Filter>Header Files</Filter>
    </ClInclude>
    <ClInclude Include="src\utils\uuid_gen_wrapper.hpp">
      <Filter>Header Files</Filter>
    </ClInclude>
    <ClInclude Include="src\utils\cmdline_util_runner.hpp">
      <Filter>Header Files</Filter>
    </ClInclude>
  </ItemGroup>
  <ItemGroup>
    <ClCompile Include="src\utils\cmdline_util.cpp">
      <Filter>Source Files</Filter>
    </ClCompile>
    <ClCompile Include="src\utils\gbyteutils.cpp">
      <Filter>Source Files</Filter>
    </ClCompile>
    <ClCompile Include="src\utils\gfileio.cpp">
      <Filter>Source Files</Filter>
    </ClCompile>
    <ClCompile Include="src\utils\gfileutil.cpp">
      <Filter>Source Files</Filter>
    </ClCompile>
    <ClCompile Include="src\utils\library_wide.cpp">
      <Filter>Source Files</Filter>
    </ClCompile>
    <ClCompile Include="src\utils\multiple_task_handler.cpp">
      <Filter>Source Files</Filter>
    </ClCompile>
    <ClCompile Include="src\utils\parallel_tasks.cpp">
      <Filter>Source Files</Filter>
    </ClCompile>
    <ClCompile Include="src\utils\pugixml_utils.cpp">
      <Filter>Source Files</Filter>
    </ClCompile>
    <ClCompile Include="src\utils\utility.cpp">
      <Filter>Source Files</Filter>
    </ClCompile>
    <ClCompile Include="src\utils\whereami_wrapper.cpp">
      <Filter>Source Files</Filter>
    </ClCompile>
    <ClCompile Include="lib\whereami\src\whereami.c">
      <Filter>whereami</Filter>
    </ClCompile>
    <ClCompile Include="src\utils\poco_wrapper.cpp">
      <Filter>Source Files</Filter>
    </ClCompile>
    <ClCompile Include="src\utils\uuid_gen_wrapper.cpp">
      <Filter>Source Files</Filter>
    </ClCompile>
  </ItemGroup>
  <ItemGroup>
    <Text Include="ppmdu_utility_library.txt">
      <Filter>Resource Files</Filter>
    </Text>
  </ItemGroup>
</Project>