<?xml version="1.0" encoding="utf-8"?>
<Project ToolsVersion="4.0" xmlns="http://schemas.microsoft.com/developer/msbuild/2003">
  <ItemGroup>
    <Filter Include="Source Files">
      <UniqueIdentifier>{4FC737F1-C7A5-4376-A066-2A32D752A2FF}</UniqueIdentifier>
      <Extensions>cpp;c;cc;cxx;def;odl;idl;hpj;bat;asm;asmx</Extensions>
    </Filter>
    <Filter Include="Header Files">
      <UniqueIdentifier>{93995380-89BD-4b04-88EB-625FBE52EBFB}</UniqueIdentifier>
      <Extensions>h;hh;hpp;hxx;hm;inl;inc;xsd</Extensions>
    </Filter>
    <Filter Include="Resource Files">
      <UniqueIdentifier>{67DA6AB6-F800-4c08-8B7A-83BB121AAD01}</UniqueIdentifier>
      <Extensions>rc;ico;cur;bmp;dlg;rc2;rct;bin;rgs;gif;jpg;jpeg;jpe;resx;tiff;tif;png;wav;mfcribbon-ms</Extensions>
    </Filter>
    <Filter Include="Source Files\utilities">
      <UniqueIdentifier>{de6d8778-48c3-4d73-913a-b558998f85c7}</UniqueIdentifier>
    </Filter>
    <Filter Include="Header Files\utilities">
      <UniqueIdentifier>{cb748c0b-6440-4670-8ebc-e06d60c9ec1b}</UniqueIdentifier>
    </Filter>
  </ItemGroup>
  <ItemGroup>
    <ClCompile Include="..\..\src\dfarctp.cpp">
      <Filter>Source Files</Filter>
    </ClCompile>
    <ClCompile Include="..\..\src\ppmdu\pmd3\farc.cpp">
      <Filter>Source Files</Filter>
    </ClCompile>
    <ClCompile Include="..\..\src\utils\cmdline_util.cpp">
      <Filter>Source Files\utilities</Filter>
    </ClCompile>
    <ClCompile Include="..\..\src\utils\config_io.cpp">
      <Filter>Source Files\utilities</Filter>
    </ClCompile>
    <ClCompile Include="..\..\src\utils\gbyteutils.cpp">
      <Filter>Source Files\utilities</Filter>
    </ClCompile>
    <ClCompile Include="..\..\src\utils\gfileio.cpp">
      <Filter>Source Files\utilities</Filter>
    </ClCompile>
    <ClCompile Include="..\..\src\utils\gfileutil.cpp">
      <Filter>Source Files\utilities</Filter>
    </ClCompile>
    <ClCompile Include="..\..\src\utils\gstringutils.cpp">
      <Filter>Source Files\utilities</Filter>
    </ClCompile>
    <ClCompile Include="..\..\src\utils\library_wide.cpp">
      <Filter>Source Files\utilities</Filter>
    </ClCompile>
    <ClCompile Include="..\..\src\utils\multiple_task_handler.cpp">
      <Filter>Source Files\utilities</Filter>
    </ClCompile>
    <ClCompile Include="..\..\src\utils\poco_wrapper.cpp">
      <Filter>Source Files\utilities</Filter>
    </ClCompile>
    <ClCompile Include="..\..\src\utils\utility.cpp">
      <Filter>Source Files\utilities</Filter>
    </ClCompile>
    <ClCompile Include="..\..\src\utils\uuid_gen_wrapper.cpp">
      <Filter>Source Files\utilities</Filter>
    </ClCompile>
  </ItemGroup>
  <ItemGroup>
    <ClInclude Include="..\..\src\ppmdu\pmd3\farc.hpp">
      <Filter>Header Files</Filter>
    </ClInclude>
    <ClInclude Include="..\..\src\ppmdu\pmd3\farc_blob.hpp">
      <Filter>Header Files</Filter>
    </ClInclude>
    <ClInclude Include="..\..\src\utils\cmdline_util.hpp">
      <Filter>Header Files\utilities</Filter>
    </ClInclude>
    <ClInclude Include="..\..\src\utils\gbyteutils.hpp">
      <Filter>Header Files\utilities</Filter>
    </ClInclude>
    <ClInclude Include="..\..\src\utils\gfileio.hpp">
      <Filter>Header Files\utilities</Filter>
    </ClInclude>
    <ClInclude Include="..\..\src\utils\gfileutils.hpp">
      <Filter>Header Files\utilities</Filter>
    </ClInclude>
    <ClInclude Include="..\..\src\utils\gstringutils.hpp">
      <Filter>Header Files\utilities</Filter>
    </ClInclude>
    <ClInclude Include="..\..\src\utils\handymath.hpp">
      <Filter>Header Files\utilities</Filter>
    </ClInclude>
    <ClInclude Include="..\..\src\utils\library_wide.hpp">
      <Filter>Header Files\utilities</Filter>
    </ClInclude>
    <ClInclude Include="..\..\src\utils\multiple_task_handler.hpp">
      <Filter>Header Files\utilities</Filter>
    </ClInclude>
    <ClInclude Include="..\..\src\utils\parse_utils.hpp">
      <Filter>Header Files\utilities</Filter>
    </ClInclude>
    <ClInclude Include="..\..\src\utils\poco_wrapper.hpp">
      <Filter>Header Files\utilities</Filter>
    </ClInclude>
    <ClInclude Include="..\..\src\utils\pugixml_utils.hpp">
      <Filter>Header Files\utilities</Filter>
    </ClInclude>
    <ClInclude Include="..\..\src\utils\utility.hpp">
      <Filter>Header Files\utilities</Filter>
    </ClInclude>
    <ClInclude Include="..\..\src\utils\uuid_gen_wrapper.hpp">
      <Filter>Header Files\utilities</Filter>
    </ClInclude>
  </ItemGroup>
</Project>