<?xml version="1.0" encoding="utf-8"?>
<Project ToolsVersion="4.0" xmlns="http://schemas.microsoft.com/developer/msbuild/2003">
  <ItemGroup>
    <Filter Include="Source Files">
      <Extensions>cpp;c;cc;cxx;def;odl;idl;hpj;bat;asm;asmx</Extensions>
    </Filter>
    <Filter Include="Header Files">
      <Extensions>h;hh;hpp;hxx;hm;inl;inc;xsd</Extensions>
    </Filter>
    <Filter Include="Resource Files">
      <Extensions>rc;ico;cur;bmp;dlg;rc2;rct;bin;rgs;gif;jpg;jpeg;jpe;resx;tiff;tif;png;wav;mfcribbon-ms</Extensions>
    </Filter>
    <Filter Include="EasyBMP">
      <UniqueIdentifier>{bb891358-2cba-4971-8fda-532a9247274a}</UniqueIdentifier>
    </Filter>
    <Filter Include="Header Files\ppmdu">
      <UniqueIdentifier>{11580bde-20e7-4d75-852b-d105ce650d46}</UniqueIdentifier>
    </Filter>
    <Filter Include="Header Files\ppmdu\data formats">
      <UniqueIdentifier>{3dc3755c-d640-42a1-8895-0d028162bdac}</UniqueIdentifier>
    </Filter>
    <Filter Include="Header Files\ppmdu\external formats">
      <UniqueIdentifier>{1784e32c-9b62-444c-8560-38cbb334af32}</UniqueIdentifier>
    </Filter>
    <Filter Include="Header Files\ppmdu\file formats">
      <UniqueIdentifier>{2f4bc14d-fdf0-4084-9e6d-236810cf4d14}</UniqueIdentifier>
    </Filter>
    <Filter Include="Header Files\ppmdu\utility">
      <UniqueIdentifier>{0ffe7cd6-c304-4288-9a99-bc5ac16aa7f9}</UniqueIdentifier>
    </Filter>
    <Filter Include="Source Files\ppmdu">
      <UniqueIdentifier>{f6eebc07-b798-41f0-889f-e845866999bf}</UniqueIdentifier>
    </Filter>
    <Filter Include="Source Files\ppmdu\data formats">
      <UniqueIdentifier>{1b2fb947-d453-4010-9096-6390b772d4a5}</UniqueIdentifier>
    </Filter>
    <Filter Include="Source Files\ppmdu\external formats">
      <UniqueIdentifier>{fe571ad7-6a00-4d7f-900d-0af4f487827e}</UniqueIdentifier>
    </Filter>
    <Filter Include="Source Files\ppmdu\file formats">
      <UniqueIdentifier>{d5a8b764-aefa-4c58-92f0-5d208e8185bc}</UniqueIdentifier>
    </Filter>
    <Filter Include="Source Files\ppmdu\utility">
      <UniqueIdentifier>{c25f43c4-7a4a-4b65-82b9-c514756db7f9}</UniqueIdentifier>
    </Filter>
  </ItemGroup>
  <ItemGroup>
    <ClInclude Include="..\lib\EasyBMP\EasyBMP\EasyBMP.h">
      <Filter>EasyBMP</Filter>
    </ClInclude>
    <ClInclude Include="..\lib\EasyBMP\EasyBMP\EasyBMP_BMP.h">
      <Filter>EasyBMP</Filter>
    </ClInclude>
    <ClInclude Include="..\lib\EasyBMP\EasyBMP\EasyBMP_DataStructures.h">
      <Filter>EasyBMP</Filter>
    </ClInclude>
    <ClInclude Include="..\lib\EasyBMP\EasyBMP\EasyBMP_VariousBMPutilities.h">
      <Filter>EasyBMP</Filter>
    </ClInclude>
    <ClInclude Include="..\src\ppmdu\basetypes.hpp">
      <Filter>Header Files\ppmdu</Filter>
    </ClInclude>
    <ClInclude Include="..\src\ppmdu\containers\base_image.hpp">
      <Filter>Header Files\ppmdu\data formats</Filter>
    </ClInclude>
    <ClInclude Include="..\src\ppmdu\containers\color.hpp">
      <Filter>Header Files\ppmdu\data formats</Filter>
    </ClInclude>
    <ClInclude Include="..\src\ppmdu\containers\img_pixel.hpp">
      <Filter>Header Files\ppmdu\data formats</Filter>
    </ClInclude>
    <ClInclude Include="..\src\ppmdu\containers\index_iterator.hpp">
      <Filter>Header Files\ppmdu\data formats</Filter>
    </ClInclude>
    <ClInclude Include="..\src\ppmdu\containers\linear_image.hpp">
      <Filter>Header Files\ppmdu\data formats</Filter>
    </ClInclude>
    <ClInclude Include="..\src\ppmdu\containers\tiled_image.hpp">
      <Filter>Header Files\ppmdu\data formats</Filter>
    </ClInclude>
    <ClInclude Include="..\src\ppmdu\pmd2\sprite_rle.hpp">
      <Filter>Header Files\ppmdu\data formats</Filter>
    </ClInclude>
    <ClInclude Include="..\src\ppmdu\ext_fmts\bmp_io.hpp">
      <Filter>Header Files\ppmdu\external formats</Filter>
    </ClInclude>
    <ClInclude Include="..\src\ppmdu\ext_fmts\png_io.hpp">
      <Filter>Header Files\ppmdu\external formats</Filter>
    </ClInclude>
    <ClInclude Include="..\src\ppmdu\ext_fmts\rawimg_io.hpp">
      <Filter>Header Files\ppmdu\external formats</Filter>
    </ClInclude>
    <ClInclude Include="..\src\ppmdu\ext_fmts\riff_palette.hpp">
      <Filter>Header Files\ppmdu\external formats</Filter>
    </ClInclude>
    <ClInclude Include="..\src\ppmdu\fmts\at4px.hpp">
      <Filter>Header Files\ppmdu\file formats</Filter>
    </ClInclude>
    <ClInclude Include="..\src\ppmdu\fmts\content_type_analyser.hpp">
      <Filter>Header Files\ppmdu\file formats</Filter>
    </ClInclude>
    <ClInclude Include="..\src\ppmdu\fmts\kao.hpp">
      <Filter>Header Files\ppmdu\file formats</Filter>
    </ClInclude>
    <ClInclude Include="..\src\ppmdu\fmts\pack_file.hpp">
      <Filter>Header Files\ppmdu\file formats</Filter>
    </ClInclude>
    <ClInclude Include="..\src\ppmdu\fmts\pkdpx.hpp">
      <Filter>Header Files\ppmdu\file formats</Filter>
    </ClInclude>
    <ClInclude Include="..\src\ppmdu\fmts\px_compression.hpp">
      <Filter>Header Files\ppmdu\file formats</Filter>
    </ClInclude>
    <ClInclude Include="..\src\ppmdu\fmts\sir0.hpp">
      <Filter>Header Files\ppmdu\file formats</Filter>
    </ClInclude>
    <ClInclude Include="..\src\ppmdu\pmd2\pmd2_filetypes.hpp">
      <Filter>Header Files\ppmdu\file formats</Filter>
    </ClInclude>
    <ClInclude Include="..\src\ppmdu\pmd2\pmd2_image_formats.hpp">
      <Filter>Header Files\ppmdu\file formats</Filter>
    </ClInclude>
    <ClInclude Include="..\src\ppmdu\pmd2\pmd2_palettes.hpp">
      <Filter>Header Files\ppmdu\file formats</Filter>
    </ClInclude>
    <ClInclude Include="..\src\ppmdu\pmd2\pmd2_sprites.hpp">
      <Filter>Header Files\ppmdu\file formats</Filter>
    </ClInclude>
    <ClInclude Include="..\src\ppmdu\utils\cmdline_util.hpp">
      <Filter>Header Files\ppmdu\utility</Filter>
    </ClInclude>
    <ClInclude Include="..\src\ppmdu\utils\gbyteutils.hpp">
      <Filter>Header Files\ppmdu\utility</Filter>
    </ClInclude>
    <ClInclude Include="..\src\ppmdu\utils\gfileio.hpp">
      <Filter>Header Files\ppmdu\utility</Filter>
    </ClInclude>
    <ClInclude Include="..\src\ppmdu\utils\gfileutils.hpp">
      <Filter>Header Files\ppmdu\utility</Filter>
    </ClInclude>
    <ClInclude Include="..\src\ppmdu\utils\gstringutils.hpp">
      <Filter>Header Files\ppmdu\utility</Filter>
    </ClInclude>
    <ClInclude Include="..\src\ppmdu\utils\handymath.hpp">
      <Filter>Header Files\ppmdu\utility</Filter>
    </ClInclude>
    <ClInclude Include="..\src\ppmdu\utils\library_wide.hpp">
      <Filter>Header Files\ppmdu\utility</Filter>
    </ClInclude>
    <ClInclude Include="..\src\ppmdu\utils\multiple_task_handler.hpp">
      <Filter>Header Files\ppmdu\utility</Filter>
    </ClInclude>
    <ClInclude Include="..\src\ppmdu\utils\poco_wrapper.hpp">
      <Filter>Header Files\ppmdu\utility</Filter>
    </ClInclude>
    <ClInclude Include="..\src\ppmdu\utils\readme_writer.hpp">
      <Filter>Header Files\ppmdu\utility</Filter>
    </ClInclude>
    <ClInclude Include="..\src\ppmdu\utils\utility.hpp">
      <Filter>Header Files\ppmdu\utility</Filter>
    </ClInclude>
    <ClInclude Include="..\src\ppmdu\ext_fmts\supported_io.hpp">
      <Filter>Header Files\ppmdu\external formats</Filter>
    </ClInclude>
    <ClInclude Include="..\src\ppmdu\fmts\wan.hpp">
      <Filter>Header Files\ppmdu\file formats</Filter>
    </ClInclude>
    <ClInclude Include="..\src\gfxcrunch.hpp">
      <Filter>Header Files</Filter>
    </ClInclude>
    <ClInclude Include="..\src\ppmdu\containers\sprite_data.hpp">
      <Filter>Header Files\ppmdu\data formats</Filter>
    </ClInclude>
  </ItemGroup>
  <ItemGroup>
    <ClCompile Include="..\lib\EasyBMP\EasyBMP\EasyBMP.cpp">
      <Filter>EasyBMP</Filter>
    </ClCompile>
    <ClCompile Include="..\src\ppmdu\containers\color.cpp">
      <Filter>Source Files\ppmdu\data formats</Filter>
    </ClCompile>
    <ClCompile Include="..\src\ppmdu\pmd2\sprite_rle.cpp">
      <Filter>Source Files\ppmdu\data formats</Filter>
    </ClCompile>
    <ClCompile Include="..\src\ppmdu\ext_fmts\bmp_io.cpp">
      <Filter>Source Files\ppmdu\external formats</Filter>
    </ClCompile>
    <ClCompile Include="..\src\ppmdu\ext_fmts\png_io.cpp">
      <Filter>Source Files\ppmdu\external formats</Filter>
    </ClCompile>
    <ClCompile Include="..\src\ppmdu\ext_fmts\rawimg_io.cpp">
      <Filter>Source Files\ppmdu\external formats</Filter>
    </ClCompile>
    <ClCompile Include="..\src\ppmdu\fmts\at4px.cpp">
      <Filter>Source Files\ppmdu\file formats</Filter>
    </ClCompile>
    <ClCompile Include="..\src\ppmdu\fmts\content_type_analyser.cpp">
      <Filter>Source Files\ppmdu\file formats</Filter>
    </ClCompile>
    <ClCompile Include="..\src\ppmdu\fmts\kao.cpp">
      <Filter>Source Files\ppmdu\file formats</Filter>
    </ClCompile>
    <ClCompile Include="..\src\ppmdu\fmts\pack_file.cpp">
      <Filter>Source Files\ppmdu\file formats</Filter>
    </ClCompile>
    <ClCompile Include="..\src\ppmdu\fmts\pkdpx.cpp">
      <Filter>Source Files\ppmdu\file formats</Filter>
    </ClCompile>
    <ClCompile Include="..\src\ppmdu\fmts\px_compression.cpp">
      <Filter>Source Files\ppmdu\file formats</Filter>
    </ClCompile>
    <ClCompile Include="..\src\ppmdu\fmts\sir0.cpp">
      <Filter>Source Files\ppmdu\file formats</Filter>
    </ClCompile>
    <ClCompile Include="..\src\ppmdu\pmd2\pmd2_filetypes.cpp">
      <Filter>Source Files\ppmdu\file formats</Filter>
    </ClCompile>
    <ClCompile Include="..\src\ppmdu\pmd2\pmd2_image_formats.cpp">
      <Filter>Source Files\ppmdu\file formats</Filter>
    </ClCompile>
    <ClCompile Include="..\src\ppmdu\pmd2\pmd2_palettes.cpp">
      <Filter>Source Files\ppmdu\file formats</Filter>
    </ClCompile>
    <ClCompile Include="..\src\ppmdu\pmd2\pmd2_sprites.cpp">
      <Filter>Source Files\ppmdu\file formats</Filter>
    </ClCompile>
    <ClCompile Include="..\src\ppmdu\utils\cmdline_util.cpp">
      <Filter>Source Files\ppmdu\utility</Filter>
    </ClCompile>
    <ClCompile Include="..\src\ppmdu\utils\gbyteutils.cpp">
      <Filter>Source Files\ppmdu\utility</Filter>
    </ClCompile>
    <ClCompile Include="..\src\ppmdu\utils\gfileio.cpp">
      <Filter>Source Files\ppmdu\utility</Filter>
    </ClCompile>
    <ClCompile Include="..\src\ppmdu\utils\gfileutil.cpp">
      <Filter>Source Files\ppmdu\utility</Filter>
    </ClCompile>
    <ClCompile Include="..\src\ppmdu\utils\gstringutils.cpp">
      <Filter>Source Files\ppmdu\utility</Filter>
    </ClCompile>
    <ClCompile Include="..\src\ppmdu\utils\library_wide.cpp">
      <Filter>Source Files\ppmdu\utility</Filter>
    </ClCompile>
    <ClCompile Include="..\src\ppmdu\utils\multiple_task_handler.cpp">
      <Filter>Source Files\ppmdu\utility</Filter>
    </ClCompile>
    <ClCompile Include="..\src\ppmdu\utils\poco_wrapper.cpp">
      <Filter>Source Files\ppmdu\utility</Filter>
    </ClCompile>
    <ClCompile Include="..\src\ppmdu\utils\utility.cpp">
      <Filter>Source Files\ppmdu\utility</Filter>
    </ClCompile>
    <ClCompile Include="..\src\ppmdu\ext_fmts\supported_io.cpp">
      <Filter>Source Files\ppmdu\external formats</Filter>
    </ClCompile>
    <ClCompile Include="..\src\ppmdu\fmts\wan.cpp">
      <Filter>Source Files\ppmdu\file formats</Filter>
    </ClCompile>
    <ClCompile Include="..\src\gfxcrunch.cpp">
      <Filter>Source Files</Filter>
    </ClCompile>
    <ClCompile Include="..\src\ppmdu\containers\sprite_data.cpp">
      <Filter>Source Files\ppmdu\data formats</Filter>
    </ClCompile>
    <ClCompile Include="..\src\ppmdu\ext_fmts\riff_palette.cpp">
      <Filter>Source Files\ppmdu\external formats</Filter>
    </ClCompile>
  </ItemGroup>
  <ItemGroup>
    <Text Include="..\readmes\ppmd_gfxcrunch.txt" />
    <Text Include="..\resources\pokesprites_names.txt" />
    <Text Include="..\resources\pokesprites_std_anims.txt" />
  </ItemGroup>
</Project>