<?xml version="1.0" encoding="utf-8"?>
<Project ToolsVersion="4.0" xmlns="http://schemas.microsoft.com/developer/msbuild/2003">
  <ItemGroup>
    <Filter Include="Source Files">
      <UniqueIdentifier>{4FC737F1-C7A5-4376-A066-2A32D752A2FF}</UniqueIdentifier>
      <Extensions>cpp;c;cc;cxx;def;odl;idl;hpj;bat;asm;asmx</Extensions>
    </Filter>
    <Filter Include="Header Files">
      <UniqueIdentifier>{93995380-89BD-4b04-88EB-625FBE52EBFB}</UniqueIdentifier>
      <Extensions>h;hh;hpp;hxx;hm;inl;inc;xsd</Extensions>
    </Filter>
    <Filter Include="Resource Files">
      <UniqueIdentifier>{67DA6AB6-F800-4c08-8B7A-83BB121AAD01}</UniqueIdentifier>
      <Extensions>rc;ico;cur;bmp;dlg;rc2;rct;bin;rgs;gif;jpg;jpeg;jpe;resx;tiff;tif;png;wav;mfcribbon-ms</Extensions>
    </Filter>
    <Filter Include="Source Files\ppmdu">
      <UniqueIdentifier>{2efd80ea-1063-4234-9fe6-eff0642755f0}</UniqueIdentifier>
    </Filter>
    <Filter Include="Source Files\ppmdu\data formats">
      <UniqueIdentifier>{2cf2aa50-0295-46ff-bab5-94cb0a8eaf35}</UniqueIdentifier>
    </Filter>
    <Filter Include="Source Files\ppmdu\external formats">
      <UniqueIdentifier>{fb30a13a-8099-410b-b942-c628a2facf13}</UniqueIdentifier>
    </Filter>
    <Filter Include="Source Files\ppmdu\file formats">
      <UniqueIdentifier>{7ef6af80-7059-407b-b2e4-a0e3167c4543}</UniqueIdentifier>
    </Filter>
    <Filter Include="Source Files\ppmdu\utility">
      <UniqueIdentifier>{ce424d06-0270-4b0b-8fd4-2980287513f9}</UniqueIdentifier>
    </Filter>
    <Filter Include="Header Files\ppmdu">
      <UniqueIdentifier>{63d8b3a5-6b24-4651-b877-6ce0aad5a50f}</UniqueIdentifier>
    </Filter>
    <Filter Include="Header Files\ppmdu\data formats">
      <UniqueIdentifier>{5ca44863-04eb-489e-9132-b61fc6ee5de1}</UniqueIdentifier>
    </Filter>
    <Filter Include="Header Files\ppmdu\external formats">
      <UniqueIdentifier>{14ca073a-6dba-456a-912e-dc8cf6fe52f0}</UniqueIdentifier>
    </Filter>
    <Filter Include="Header Files\ppmdu\file formats">
      <UniqueIdentifier>{ff5a5ff0-b301-4feb-818d-5762b32b81a5}</UniqueIdentifier>
    </Filter>
    <Filter Include="Header Files\ppmdu\utility">
      <UniqueIdentifier>{02941253-570e-4acf-96b0-a3cbd0a5eb2e}</UniqueIdentifier>
    </Filter>
    <Filter Include="Header Files\typesupport">
      <UniqueIdentifier>{4e7b50a6-37f0-4534-b84d-674fe581be9e}</UniqueIdentifier>
    </Filter>
    <Filter Include="Source Files\typesupport">
      <UniqueIdentifier>{5c06f237-fe26-4e05-ab23-ec403204a907}</UniqueIdentifier>
    </Filter>
    <Filter Include="pugixml">
      <UniqueIdentifier>{2f2241cc-f48a-4bc6-97c5-c103d2d97086}</UniqueIdentifier>
    </Filter>
    <Filter Include="Header Files\ppmdu\GameDataAccess">
      <UniqueIdentifier>{20b70962-0627-4577-b3f8-37bac9f42335}</UniqueIdentifier>
    </Filter>
    <Filter Include="Source Files\ppmdu\GameDataAccess">
      <UniqueIdentifier>{09b159ec-4a58-4dff-8be5-5ad619230d7c}</UniqueIdentifier>
    </Filter>
    <Filter Include="Header Files\ppmdu\file formats\Scripts">
      <UniqueIdentifier>{98263793-d45e-4d45-9956-1dc327e73cae}</UniqueIdentifier>
    </Filter>
    <Filter Include="Source Files\ppmdu\file formats\scripts">
      <UniqueIdentifier>{57aa908b-68ad-48de-9dc1-a819f55491d6}</UniqueIdentifier>
    </Filter>
  </ItemGroup>
  <ItemGroup>
    <ClCompile Include="..\src\ext_fmts\bmp_io.cpp">
      <Filter>Source Files\ppmdu\external formats</Filter>
    </ClCompile>
    <ClCompile Include="..\src\ext_fmts\png_io.cpp">
      <Filter>Source Files\ppmdu\external formats</Filter>
    </ClCompile>
    <ClCompile Include="..\src\ext_fmts\rawimg_io.cpp">
      <Filter>Source Files\ppmdu\external formats</Filter>
    </ClCompile>
    <ClCompile Include="..\src\ext_fmts\riff_palette.cpp">
      <Filter>Source Files\ppmdu\external formats</Filter>
    </ClCompile>
    <ClCompile Include="..\src\ext_fmts\supported_io.cpp">
      <Filter>Source Files\ppmdu\external formats</Filter>
    </ClCompile>
    <ClCompile Include="..\src\ppmdu\fmts\at4px.cpp">
      <Filter>Source Files\ppmdu\file formats</Filter>
    </ClCompile>
    <ClCompile Include="..\src\ppmdu\fmts\pack_file.cpp">
      <Filter>Source Files\ppmdu\file formats</Filter>
    </ClCompile>
    <ClCompile Include="..\src\ppmdu\fmts\pkdpx.cpp">
      <Filter>Source Files\ppmdu\file formats</Filter>
    </ClCompile>
    <ClCompile Include="..\src\ppmdu\fmts\px_compression.cpp">
      <Filter>Source Files\ppmdu\file formats</Filter>
    </ClCompile>
    <ClCompile Include="..\src\ppmdu\fmts\sir0.cpp">
      <Filter>Source Files\ppmdu\file formats</Filter>
    </ClCompile>
    <ClCompile Include="..\src\ppmdu\pmd2\pmd2_filetypes.cpp">
      <Filter>Source Files\ppmdu\file formats</Filter>
    </ClCompile>
    <ClCompile Include="..\src\ppmdu\pmd2\pmd2_image_formats.cpp">
      <Filter>Source Files\ppmdu\file formats</Filter>
    </ClCompile>
    <ClCompile Include="..\src\utils\cmdline_util.cpp">
      <Filter>Source Files\ppmdu\utility</Filter>
    </ClCompile>
    <ClCompile Include="..\src\utils\gbyteutils.cpp">
      <Filter>Source Files\ppmdu\utility</Filter>
    </ClCompile>
    <ClCompile Include="..\src\utils\gfileio.cpp">
      <Filter>Source Files\ppmdu\utility</Filter>
    </ClCompile>
    <ClCompile Include="..\src\utils\gfileutil.cpp">
      <Filter>Source Files\ppmdu\utility</Filter>
    </ClCompile>
    <ClCompile Include="..\src\utils\gstringutils.cpp">
      <Filter>Source Files\ppmdu\utility</Filter>
    </ClCompile>
    <ClCompile Include="..\src\utils\library_wide.cpp">
      <Filter>Source Files\ppmdu\utility</Filter>
    </ClCompile>
    <ClCompile Include="..\src\utils\multiple_task_handler.cpp">
      <Filter>Source Files\ppmdu\utility</Filter>
    </ClCompile>
    <ClCompile Include="..\src\utils\poco_wrapper.cpp">
      <Filter>Source Files\ppmdu\utility</Filter>
    </ClCompile>
    <ClCompile Include="..\src\utils\utility.cpp">
      <Filter>Source Files\ppmdu\utility</Filter>
    </ClCompile>
    <ClCompile Include="..\src\statsutil.cpp">
      <Filter>Source Files</Filter>
    </ClCompile>
    <ClCompile Include="..\src\ppmdu\fmts\text_str.cpp">
      <Filter>Source Files\ppmdu\file formats</Filter>
    </ClCompile>
    <ClCompile Include="..\src\ppmdu\fmts\monster_data.cpp">
      <Filter>Source Files\ppmdu\file formats</Filter>
    </ClCompile>
    <ClCompile Include="..\src\ppmdu\fmts\m_level.cpp">
      <Filter>Source Files\ppmdu\file formats</Filter>
    </ClCompile>
    <ClCompile Include="..\lib\pugixml-1.5\src\pugixml.cpp">
      <Filter>pugixml</Filter>
    </ClCompile>
    <ClCompile Include="..\src\ppmdu\fmts\waza_p.cpp">
      <Filter>Source Files\ppmdu\file formats</Filter>
    </ClCompile>
    <ClCompile Include="..\src\ppmdu\containers\pokemon_stats.cpp">
      <Filter>Source Files\ppmdu\data formats</Filter>
    </ClCompile>
    <ClCompile Include="..\src\ppmdu\containers\item_data.cpp">
      <Filter>Source Files\ppmdu\data formats</Filter>
    </ClCompile>
    <ClCompile Include="..\src\utils\config_io.cpp">
      <Filter>Source Files\ppmdu\utility</Filter>
    </ClCompile>
    <ClCompile Include="..\src\ppmdu\fmts\item_p.cpp">
      <Filter>Source Files\ppmdu\file formats</Filter>
    </ClCompile>
    <ClCompile Include="..\src\ppmdu\containers\pokemon_stats_xml_io.cpp">
      <Filter>Source Files\ppmdu\data formats</Filter>
    </ClCompile>
    <ClCompile Include="..\src\ppmdu\containers\move_data_xml_io.cpp">
      <Filter>Source Files\ppmdu\data formats</Filter>
    </ClCompile>
    <ClCompile Include="..\src\types\contentid_generator.cpp">
      <Filter>Source Files\typesupport</Filter>
    </ClCompile>
    <ClCompile Include="..\src\types\content_type_analyser.cpp">
      <Filter>Source Files\typesupport</Filter>
    </ClCompile>
    <ClCompile Include="..\src\ppmdu\containers\item_data_xml_io.cpp">
      <Filter>Source Files\ppmdu\data formats</Filter>
    </ClCompile>
    <ClCompile Include="..\src\ppmdu\pmd2\pmd2_langconf.cpp">
      <Filter>Source Files\ppmdu\GameDataAccess</Filter>
    </ClCompile>
    <ClCompile Include="..\src\ppmdu\fmts\lsd.cpp">
      <Filter>Source Files\ppmdu\file formats\scripts</Filter>
    </ClCompile>
    <ClCompile Include="..\src\ppmdu\pmd2\pmd2_scripts.cpp">
      <Filter>Source Files\ppmdu\GameDataAccess</Filter>
    </ClCompile>
    <ClCompile Include="..\src\ppmdu\pmd2\pmd2_scripts_xml_io.cpp">
      <Filter>Source Files\ppmdu\GameDataAccess</Filter>
    </ClCompile>
    <ClCompile Include="..\src\ppmdu\pmd2\pmd2.cpp">
      <Filter>Source Files\ppmdu\GameDataAccess</Filter>
    </ClCompile>
    <ClCompile Include="..\src\ppmdu\pmd2\game_stats.cpp">
      <Filter>Source Files\ppmdu\GameDataAccess</Filter>
    </ClCompile>
  </ItemGroup>
  <ItemGroup>
    <ClInclude Include="..\src\ppmdu\basetypes.hpp">
      <Filter>Header Files\ppmdu</Filter>
    </ClInclude>
    <ClInclude Include="..\src\ext_fmts\bmp_io.hpp">
      <Filter>Header Files\ppmdu\external formats</Filter>
    </ClInclude>
    <ClInclude Include="..\src\ext_fmts\png_io.hpp">
      <Filter>Header Files\ppmdu\external formats</Filter>
    </ClInclude>
    <ClInclude Include="..\src\ext_fmts\rawimg_io.hpp">
      <Filter>Header Files\ppmdu\external formats</Filter>
    </ClInclude>
    <ClInclude Include="..\src\ext_fmts\riff_palette.hpp">
      <Filter>Header Files\ppmdu\external formats</Filter>
    </ClInclude>
    <ClInclude Include="..\src\ext_fmts\supported_io.hpp">
      <Filter>Header Files\ppmdu\external formats</Filter>
    </ClInclude>
    <ClInclude Include="..\src\ppmdu\fmts\at4px.hpp">
      <Filter>Header Files\ppmdu\file formats</Filter>
    </ClInclude>
    <ClInclude Include="..\src\ppmdu\fmts\pack_file.hpp">
      <Filter>Header Files\ppmdu\file formats</Filter>
    </ClInclude>
    <ClInclude Include="..\src\ppmdu\fmts\pkdpx.hpp">
      <Filter>Header Files\ppmdu\file formats</Filter>
    </ClInclude>
    <ClInclude Include="..\src\ppmdu\fmts\px_compression.hpp">
      <Filter>Header Files\ppmdu\file formats</Filter>
    </ClInclude>
    <ClInclude Include="..\src\ppmdu\fmts\sir0.hpp">
      <Filter>Header Files\ppmdu\file formats</Filter>
    </ClInclude>
    <ClInclude Include="..\src\ppmdu\pmd2\pmd2_filetypes.hpp">
      <Filter>Header Files\ppmdu\file formats</Filter>
    </ClInclude>
    <ClInclude Include="..\src\ppmdu\pmd2\pmd2_image_formats.hpp">
      <Filter>Header Files\ppmdu\file formats</Filter>
    </ClInclude>
    <ClInclude Include="..\src\utils\cmdline_util.hpp">
      <Filter>Header Files\ppmdu\utility</Filter>
    </ClInclude>
    <ClInclude Include="..\src\utils\gbyteutils.hpp">
      <Filter>Header Files\ppmdu\utility</Filter>
    </ClInclude>
    <ClInclude Include="..\src\utils\gfileio.hpp">
      <Filter>Header Files\ppmdu\utility</Filter>
    </ClInclude>
    <ClInclude Include="..\src\utils\gfileutils.hpp">
      <Filter>Header Files\ppmdu\utility</Filter>
    </ClInclude>
    <ClInclude Include="..\src\utils\gstringutils.hpp">
      <Filter>Header Files\ppmdu\utility</Filter>
    </ClInclude>
    <ClInclude Include="..\src\utils\handymath.hpp">
      <Filter>Header Files\ppmdu\utility</Filter>
    </ClInclude>
    <ClInclude Include="..\src\utils\library_wide.hpp">
      <Filter>Header Files\ppmdu\utility</Filter>
    </ClInclude>
    <ClInclude Include="..\src\utils\multiple_task_handler.hpp">
      <Filter>Header Files\ppmdu\utility</Filter>
    </ClInclude>
    <ClInclude Include="..\src\utils\poco_wrapper.hpp">
      <Filter>Header Files\ppmdu\utility</Filter>
    </ClInclude>
    <ClInclude Include="..\src\utils\readme_writer.hpp">
      <Filter>Header Files\ppmdu\utility</Filter>
    </ClInclude>
    <ClInclude Include="..\src\utils\utility.hpp">
      <Filter>Header Files\ppmdu\utility</Filter>
    </ClInclude>
    <ClInclude Include="..\src\statsutil.hpp">
      <Filter>Header Files</Filter>
    </ClInclude>
    <ClInclude Include="..\src\ppmdu\containers\pokemon_stats.hpp">
      <Filter>Header Files\ppmdu\data formats</Filter>
    </ClInclude>
    <ClInclude Include="..\src\ppmdu\fmts\text_str.hpp">
      <Filter>Header Files\ppmdu\file formats</Filter>
    </ClInclude>
    <ClInclude Include="..\src\ppmdu\fmts\waza_p.hpp">
      <Filter>Header Files\ppmdu\file formats</Filter>
    </ClInclude>
    <ClInclude Include="..\src\ppmdu\fmts\monster_data.hpp">
      <Filter>Header Files\ppmdu\file formats</Filter>
    </ClInclude>
    <ClInclude Include="..\src\ppmdu\fmts\integer_encoding.hpp">
      <Filter>Header Files\ppmdu\data formats</Filter>
    </ClInclude>
    <ClInclude Include="..\src\ppmdu\fmts\item_p.hpp">
      <Filter>Header Files\ppmdu\file formats</Filter>
    </ClInclude>
    <ClInclude Include="..\src\ppmdu\containers\item_data.hpp">
      <Filter>Header Files\ppmdu\data formats</Filter>
    </ClInclude>
    <ClInclude Include="..\src\ppmdu\fmts\m_level.hpp">
      <Filter>Header Files\ppmdu\file formats</Filter>
    </ClInclude>
    <ClInclude Include="..\src\ppmdu\containers\move_data.hpp">
      <Filter>Header Files\ppmdu\data formats</Filter>
    </ClInclude>
    <ClInclude Include="..\src\utils\config_io.hpp">
      <Filter>Header Files\ppmdu\utility</Filter>
    </ClInclude>
    <ClInclude Include="..\src\utils\parse_utils.hpp">
      <Filter>Header Files\ppmdu\utility</Filter>
    </ClInclude>
    <ClInclude Include="..\src\utils\pugixml_utils.hpp">
      <Filter>Header Files\ppmdu\utility</Filter>
    </ClInclude>
    <ClInclude Include="..\src\types\contentid_generator.hpp">
      <Filter>Header Files\typesupport</Filter>
    </ClInclude>
    <ClInclude Include="..\src\types\content_type_analyser.hpp">
      <Filter>Header Files\typesupport</Filter>
    </ClInclude>
    <ClInclude Include="..\src\ppmdu\fmts\ssb.hpp">
      <Filter>Header Files\ppmdu\file formats\Scripts</Filter>
    </ClInclude>
    <ClInclude Include="..\src\ppmdu\pmd2\pmd2_gameloader.hpp">
      <Filter>Header Files\ppmdu\GameDataAccess</Filter>
    </ClInclude>
    <ClInclude Include="..\src\ppmdu\pmd2\pmd2.hpp">
      <Filter>Header Files\ppmdu\GameDataAccess</Filter>
    </ClInclude>
    <ClInclude Include="..\src\ppmdu\pmd2\game_stats.hpp">
      <Filter>Header Files\ppmdu\GameDataAccess</Filter>
    </ClInclude>
    <ClInclude Include="..\src\ppmdu\pmd2\pmd2_langconf.hpp">
      <Filter>Header Files\ppmdu\GameDataAccess</Filter>
    </ClInclude>
    <ClInclude Include="..\src\ppmdu\pmd2\pmd2_scripts.hpp">
      <Filter>Header Files\ppmdu\GameDataAccess</Filter>
    </ClInclude>
    <ClInclude Include="..\src\ppmdu\pmd2\pmd2_text.hpp">
      <Filter>Header Files\ppmdu\GameDataAccess</Filter>
    </ClInclude>
    <ClInclude Include="..\src\ppmdu\pmd2\pmd2_graphics.hpp">
      <Filter>Header Files\ppmdu\GameDataAccess</Filter>
    </ClInclude>
    <ClInclude Include="..\src\ppmdu\pmd2\pmd2_audio.hpp">
      <Filter>Header Files\ppmdu\GameDataAccess</Filter>
    </ClInclude>
    <ClInclude Include="..\src\ppmdu\fmts\ssa.hpp">
      <Filter>Header Files\ppmdu\file formats\Scripts</Filter>
    </ClInclude>
    <ClInclude Include="..\src\ppmdu\fmts\lsd.hpp">
      <Filter>Header Files\ppmdu\file formats\Scripts</Filter>
    </ClInclude>
  </ItemGroup>
  <ItemGroup>
    <Text Include="..\readmes\ppmd_statsutil.txt">
      <Filter>Resource Files</Filter>
    </Text>
  </ItemGroup>
  <ItemGroup>
    <None Include="..\resources\gamelang.xml">
      <Filter>Resource Files</Filter>
    </None>
  </ItemGroup>
</Project>