<?xml version="1.0" encoding="utf-8"?>
<Project ToolsVersion="4.0" xmlns="http://schemas.microsoft.com/developer/msbuild/2003">
  <ItemGroup>
    <Filter Include="Source Files">
      <UniqueIdentifier>{4FC737F1-C7A5-4376-A066-2A32D752A2FF}</UniqueIdentifier>
      <Extensions>cpp;c;cc;cxx;def;odl;idl;hpj;bat;asm;asmx</Extensions>
    </Filter>
    <Filter Include="Header Files">
      <UniqueIdentifier>{93995380-89BD-4b04-88EB-625FBE52EBFB}</UniqueIdentifier>
      <Extensions>h;hh;hpp;hxx;hm;inl;inc;xsd</Extensions>
    </Filter>
    <Filter Include="Resource Files">
      <UniqueIdentifier>{67DA6AB6-F800-4c08-8B7A-83BB121AAD01}</UniqueIdentifier>
      <Extensions>rc;ico;cur;bmp;dlg;rc2;rct;bin;rgs;gif;jpg;jpeg;jpe;resx;tiff;tif;png;wav;mfcribbon-ms</Extensions>
    </Filter>
    <Filter Include="Header Files\ppmdu">
      <UniqueIdentifier>{c75aa126-76f9-4fab-8db0-b02d4ce835b2}</UniqueIdentifier>
    </Filter>
    <Filter Include="Header Files\ppmdu\data formats">
      <UniqueIdentifier>{49b63ed3-e60d-4035-888a-4bcdacf272d2}</UniqueIdentifier>
    </Filter>
    <Filter Include="Header Files\ppmdu\external formats">
      <UniqueIdentifier>{fc9eb355-7cc9-48cb-9401-819c4fcc92df}</UniqueIdentifier>
    </Filter>
    <Filter Include="Header Files\ppmdu\file formats">
      <UniqueIdentifier>{5fd0600f-aa9c-43e6-a632-ba688bb2b8a5}</UniqueIdentifier>
    </Filter>
    <Filter Include="Header Files\ppmdu\utility">
      <UniqueIdentifier>{0f98139f-2399-44a2-9fe4-cc5e88a7067b}</UniqueIdentifier>
    </Filter>
    <Filter Include="Source Files\ppmdu">
      <UniqueIdentifier>{0389151a-9a16-486a-9dc9-41d82bb7b856}</UniqueIdentifier>
    </Filter>
    <Filter Include="Source Files\ppmdu\data formats">
      <UniqueIdentifier>{f26161bf-a86f-40ce-b880-e15e05a27949}</UniqueIdentifier>
    </Filter>
    <Filter Include="Source Files\ppmdu\external formats">
      <UniqueIdentifier>{8bab568c-8c9c-4c8d-9938-b32c4938bbec}</UniqueIdentifier>
    </Filter>
    <Filter Include="Source Files\ppmdu\file formats">
      <UniqueIdentifier>{fa98681a-10ee-4465-a2bc-42c5c78234a1}</UniqueIdentifier>
    </Filter>
    <Filter Include="Source Files\ppmdu\utility">
      <UniqueIdentifier>{ca580afc-9ee5-4191-9946-c53246500d86}</UniqueIdentifier>
    </Filter>
    <Filter Include="Header Files\ppmdu\file formats\audio">
      <UniqueIdentifier>{1568eefb-b032-43e5-bab3-0d359a0de0eb}</UniqueIdentifier>
    </Filter>
    <Filter Include="Source Files\ppmdu\file formats\audio">
      <UniqueIdentifier>{1541d000-9c0d-41ce-9c74-4ba21ae499fd}</UniqueIdentifier>
    </Filter>
  </ItemGroup>
  <ItemGroup>
    <ClInclude Include="..\src\audioutil.hpp">
      <Filter>Header Files</Filter>
    </ClInclude>
    <ClInclude Include="..\src\ppmdu\basetypes.hpp">
      <Filter>Header Files\ppmdu</Filter>
    </ClInclude>
    <ClInclude Include="..\src\ppmdu\fmts\at4px.hpp">
      <Filter>Header Files\ppmdu\file formats</Filter>
    </ClInclude>
    <ClInclude Include="..\src\ppmdu\fmts\content_type_analyser.hpp">
      <Filter>Header Files\ppmdu\file formats</Filter>
    </ClInclude>
    <ClInclude Include="..\src\ppmdu\fmts\item_p.hpp">
      <Filter>Header Files\ppmdu\file formats</Filter>
    </ClInclude>
    <ClInclude Include="..\src\ppmdu\fmts\monster_data.hpp">
      <Filter>Header Files\ppmdu\file formats</Filter>
    </ClInclude>
    <ClInclude Include="..\src\ppmdu\fmts\m_level.hpp">
      <Filter>Header Files\ppmdu\file formats</Filter>
    </ClInclude>
    <ClInclude Include="..\src\ppmdu\fmts\pack_file.hpp">
      <Filter>Header Files\ppmdu\file formats</Filter>
    </ClInclude>
    <ClInclude Include="..\src\ppmdu\fmts\pkdpx.hpp">
      <Filter>Header Files\ppmdu\file formats</Filter>
    </ClInclude>
    <ClInclude Include="..\src\ppmdu\fmts\px_compression.hpp">
      <Filter>Header Files\ppmdu\file formats</Filter>
    </ClInclude>
    <ClInclude Include="..\src\ppmdu\fmts\sir0.hpp">
      <Filter>Header Files\ppmdu\file formats</Filter>
    </ClInclude>
    <ClInclude Include="..\src\ppmdu\fmts\text_str.hpp">
      <Filter>Header Files\ppmdu\file formats</Filter>
    </ClInclude>
    <ClInclude Include="..\src\ppmdu\fmts\waza_p.hpp">
      <Filter>Header Files\ppmdu\file formats</Filter>
    </ClInclude>
    <ClInclude Include="..\src\ppmdu\pmd2\game_stats.hpp">
      <Filter>Header Files\ppmdu\file formats</Filter>
    </ClInclude>
    <ClInclude Include="..\src\ppmdu\pmd2\pmd2_filetypes.hpp">
      <Filter>Header Files\ppmdu\file formats</Filter>
    </ClInclude>
    <ClInclude Include="..\src\ppmdu\pmd2\pmd2_image_formats.hpp">
      <Filter>Header Files\ppmdu\file formats</Filter>
    </ClInclude>
    <ClInclude Include="..\src\ppmdu\utils\cmdline_util.hpp">
      <Filter>Header Files\ppmdu\utility</Filter>
    </ClInclude>
    <ClInclude Include="..\src\ppmdu\utils\config_io.hpp">
      <Filter>Header Files\ppmdu\utility</Filter>
    </ClInclude>
    <ClInclude Include="..\src\ppmdu\utils\gbyteutils.hpp">
      <Filter>Header Files\ppmdu\utility</Filter>
    </ClInclude>
    <ClInclude Include="..\src\ppmdu\utils\gfileio.hpp">
      <Filter>Header Files\ppmdu\utility</Filter>
    </ClInclude>
    <ClInclude Include="..\src\ppmdu\utils\gfileutils.hpp">
      <Filter>Header Files\ppmdu\utility</Filter>
    </ClInclude>
    <ClInclude Include="..\src\ppmdu\utils\gstringutils.hpp">
      <Filter>Header Files\ppmdu\utility</Filter>
    </ClInclude>
    <ClInclude Include="..\src\ppmdu\utils\handymath.hpp">
      <Filter>Header Files\ppmdu\utility</Filter>
    </ClInclude>
    <ClInclude Include="..\src\ppmdu\utils\library_wide.hpp">
      <Filter>Header Files\ppmdu\utility</Filter>
    </ClInclude>
    <ClInclude Include="..\src\ppmdu\utils\multiple_task_handler.hpp">
      <Filter>Header Files\ppmdu\utility</Filter>
    </ClInclude>
    <ClInclude Include="..\src\ppmdu\utils\parse_utils.hpp">
      <Filter>Header Files\ppmdu\utility</Filter>
    </ClInclude>
    <ClInclude Include="..\src\ppmdu\utils\poco_wrapper.hpp">
      <Filter>Header Files\ppmdu\utility</Filter>
    </ClInclude>
    <ClInclude Include="..\src\ppmdu\utils\pugixml_utils.hpp">
      <Filter>Header Files\ppmdu\utility</Filter>
    </ClInclude>
    <ClInclude Include="..\src\ppmdu\utils\readme_writer.hpp">
      <Filter>Header Files\ppmdu\utility</Filter>
    </ClInclude>
    <ClInclude Include="..\src\ppmdu\utils\utility.hpp">
      <Filter>Header Files\ppmdu\utility</Filter>
    </ClInclude>
    <ClInclude Include="..\src\ppmdu\ext_fmts\sf2.hpp">
      <Filter>Header Files\ppmdu\external formats</Filter>
    </ClInclude>
    <ClInclude Include="..\src\ppmdu\ext_fmts\riff.hpp">
      <Filter>Header Files\ppmdu\external formats</Filter>
    </ClInclude>
    <ClInclude Include="..\src\ppmdu\fmts\smdl.hpp">
      <Filter>Header Files\ppmdu\file formats\audio</Filter>
    </ClInclude>
    <ClInclude Include="..\src\ppmdu\fmts\swdl.hpp">
      <Filter>Header Files\ppmdu\file formats\audio</Filter>
    </ClInclude>
    <ClInclude Include="..\src\ppmdu\fmts\sedl.hpp">
      <Filter>Header Files\ppmdu\file formats\audio</Filter>
    </ClInclude>
    <ClInclude Include="..\src\ppmdu\pmd2\pmd2_audio_data.hpp">
      <Filter>Header Files\ppmdu\data formats</Filter>
    </ClInclude>
    <ClInclude Include="..\src\ppmdu\fmts\dse_common.hpp">
      <Filter>Header Files\ppmdu\file formats\audio</Filter>
    </ClInclude>
    <ClInclude Include="..\src\ppmdu\ext_fmts\adpcm.hpp">
      <Filter>Header Files\ppmdu\external formats</Filter>
    </ClInclude>
    <ClInclude Include="..\src\ppmdu\containers\audio_sample.hpp">
      <Filter>Header Files\ppmdu\data formats</Filter>
    </ClInclude>
    <ClInclude Include="..\src\ppmdu\fmts\dse_sequence.hpp">
      <Filter>Header Files\ppmdu\file formats\audio</Filter>
    </ClInclude>
    <ClInclude Include="..\src\ppmdu\ext_fmts\midi_io.hpp">
      <Filter>Header Files\ppmdu\external formats</Filter>
    </ClInclude>
    <ClInclude Include="..\src\ppmdu\fmts\dse_interpreter.hpp">
      <Filter>Header Files\ppmdu\file formats\audio</Filter>
    </ClInclude>
    <ClInclude Include="..\src\ppmdu\fmts\dse_to_xml.hpp">
      <Filter>Header Files\ppmdu\file formats\audio</Filter>
    </ClInclude>
  </ItemGroup>
  <ItemGroup>
    <ClCompile Include="..\src\audioutil.cpp">
      <Filter>Source Files</Filter>
    </ClCompile>
    <ClCompile Include="..\src\ppmdu\fmts\at4px.cpp">
      <Filter>Source Files\ppmdu\file formats</Filter>
    </ClCompile>
    <ClCompile Include="..\src\ppmdu\fmts\content_type_analyser.cpp">
      <Filter>Source Files\ppmdu\file formats</Filter>
    </ClCompile>
    <ClCompile Include="..\src\ppmdu\fmts\item_p.cpp">
      <Filter>Source Files\ppmdu\file formats</Filter>
    </ClCompile>
    <ClCompile Include="..\src\ppmdu\fmts\monster_data.cpp">
      <Filter>Source Files\ppmdu\file formats</Filter>
    </ClCompile>
    <ClCompile Include="..\src\ppmdu\fmts\m_level.cpp">
      <Filter>Source Files\ppmdu\file formats</Filter>
    </ClCompile>
    <ClCompile Include="..\src\ppmdu\fmts\pack_file.cpp">
      <Filter>Source Files\ppmdu\file formats</Filter>
    </ClCompile>
    <ClCompile Include="..\src\ppmdu\fmts\pkdpx.cpp">
      <Filter>Source Files\ppmdu\file formats</Filter>
    </ClCompile>
    <ClCompile Include="..\src\ppmdu\fmts\px_compression.cpp">
      <Filter>Source Files\ppmdu\file formats</Filter>
    </ClCompile>
    <ClCompile Include="..\src\ppmdu\fmts\sir0.cpp">
      <Filter>Source Files\ppmdu\file formats</Filter>
    </ClCompile>
    <ClCompile Include="..\src\ppmdu\fmts\text_str.cpp">
      <Filter>Source Files\ppmdu\file formats</Filter>
    </ClCompile>
    <ClCompile Include="..\src\ppmdu\fmts\waza_p.cpp">
      <Filter>Source Files\ppmdu\file formats</Filter>
    </ClCompile>
    <ClCompile Include="..\src\ppmdu\pmd2\game_stats.cpp">
      <Filter>Source Files\ppmdu\file formats</Filter>
    </ClCompile>
    <ClCompile Include="..\src\ppmdu\pmd2\pmd2_filetypes.cpp">
      <Filter>Source Files\ppmdu\file formats</Filter>
    </ClCompile>
    <ClCompile Include="..\src\ppmdu\pmd2\pmd2_image_formats.cpp">
      <Filter>Source Files\ppmdu\file formats</Filter>
    </ClCompile>
    <ClCompile Include="..\src\ppmdu\utils\cmdline_util.cpp">
      <Filter>Source Files\ppmdu\utility</Filter>
    </ClCompile>
    <ClCompile Include="..\src\ppmdu\utils\config_io.cpp">
      <Filter>Source Files\ppmdu\utility</Filter>
    </ClCompile>
    <ClCompile Include="..\src\ppmdu\utils\gbyteutils.cpp">
      <Filter>Source Files\ppmdu\utility</Filter>
    </ClCompile>
    <ClCompile Include="..\src\ppmdu\utils\gfileio.cpp">
      <Filter>Source Files\ppmdu\utility</Filter>
    </ClCompile>
    <ClCompile Include="..\src\ppmdu\utils\gfileutil.cpp">
      <Filter>Source Files\ppmdu\utility</Filter>
    </ClCompile>
    <ClCompile Include="..\src\ppmdu\utils\gstringutils.cpp">
      <Filter>Source Files\ppmdu\utility</Filter>
    </ClCompile>
    <ClCompile Include="..\src\ppmdu\utils\library_wide.cpp">
      <Filter>Source Files\ppmdu\utility</Filter>
    </ClCompile>
    <ClCompile Include="..\src\ppmdu\utils\multiple_task_handler.cpp">
      <Filter>Source Files\ppmdu\utility</Filter>
    </ClCompile>
    <ClCompile Include="..\src\ppmdu\utils\poco_wrapper.cpp">
      <Filter>Source Files\ppmdu\utility</Filter>
    </ClCompile>
    <ClCompile Include="..\src\ppmdu\utils\utility.cpp">
      <Filter>Source Files\ppmdu\utility</Filter>
    </ClCompile>
    <ClCompile Include="..\src\ppmdu\fmts\dse_common.cpp">
      <Filter>Source Files\ppmdu\file formats\audio</Filter>
    </ClCompile>
    <ClCompile Include="..\src\ppmdu\ext_fmts\adpcm.cpp">
      <Filter>Source Files\ppmdu\external formats</Filter>
    </ClCompile>
    <ClCompile Include="..\src\ppmdu\fmts\smdl.cpp">
      <Filter>Source Files\ppmdu\file formats\audio</Filter>
    </ClCompile>
    <ClCompile Include="..\src\ppmdu\pmd2\pmd2_audio_data.cpp">
      <Filter>Source Files\ppmdu\data formats</Filter>
    </ClCompile>
    <ClCompile Include="..\src\ppmdu\fmts\dse_sequence.cpp">
      <Filter>Source Files\ppmdu\file formats\audio</Filter>
    </ClCompile>
    <ClCompile Include="..\src\ppmdu\ext_fmts\midi_io.cpp">
      <Filter>Source Files\ppmdu\external formats</Filter>
    </ClCompile>
    <ClCompile Include="..\src\ppmdu\fmts\swdl.cpp">
      <Filter>Source Files\ppmdu\file formats\audio</Filter>
    </ClCompile>
    <ClCompile Include="..\src\ppmdu\fmts\sedl.cpp">
      <Filter>Source Files\ppmdu\file formats\audio</Filter>
    </ClCompile>
    <ClCompile Include="..\src\ppmdu\ext_fmts\sf2.cpp">
      <Filter>Source Files\ppmdu\external formats</Filter>
    </ClCompile>
    <ClCompile Include="..\src\ppmdu\fmts\dse_interpreter.cpp">
      <Filter>Source Files\ppmdu\file formats\audio</Filter>
    </ClCompile>
  </ItemGroup>
</Project>